
Microsoft Visual Studio Solution File, Format Version 10.00
# Visual Studio 2008
Project("{FAE04EC0-301F-11D3-BF4B-00C04F79EFBC}") = "OpenStreetMap.NET", "OpenStreetMap.NET\OpenStreetMap.NET.csproj", "{E63560B8-DA11-4DD4-8E52-32AB0527C100}"
EndProject
Project("{2150E333-8FDC-42A3-9474-1A3956D46DE8}") = "testapps", "testapps", "{2B1E913E-11BF-435A-BA5F-A94F0DFD6427}"
EndProject
Project("{FAE04EC0-301F-11D3-BF4B-00C04F79EFBC}") = "TestDeserializeForm", "TestDeserializeForm\TestDeserializeForm.csproj", "{76F356D8-42D3-437E-954D-7821C1E3DD59}"
EndProject
Project("{FAE04EC0-301F-11D3-BF4B-00C04F79EFBC}") = "TestSerializer", "TestSerializer\TestSerializer.csproj", "{396E99F5-D9E5-4F5F-A6D9-D2AEF3F3630D}"
EndProject
Global
	GlobalSection(SolutionConfigurationPlatforms) = preSolution
		Debug|Any CPU = Debug|Any CPU
		Release|Any CPU = Release|Any CPU
	EndGlobalSection
	GlobalSection(ProjectConfigurationPlatforms) = postSolution
		{E63560B8-DA11-4DD4-8E52-32AB0527C100}.Debug|Any CPU.ActiveCfg = Debug|Any CPU
		{E63560B8-DA11-4DD4-8E52-32AB0527C100}.Debug|Any CPU.Build.0 = Debug|Any CPU
		{E63560B8-DA11-4DD4-8E52-32AB0527C100}.Release|Any CPU.ActiveCfg = Release|Any CPU
		{E63560B8-DA11-4DD4-8E52-32AB0527C100}.Release|Any CPU.Build.0 = Release|Any CPU
		{76F356D8-42D3-437E-954D-7821C1E3DD59}.Debug|Any CPU.ActiveCfg = Debug|Any CPU
		{76F356D8-42D3-437E-954D-7821C1E3DD59}.Debug|Any CPU.Build.0 = Debug|Any CPU
		{76F356D8-42D3-437E-954D-7821C1E3DD59}.Release|Any CPU.ActiveCfg = Release|Any CPU
		{76F356D8-42D3-437E-954D-7821C1E3DD59}.Release|Any CPU.Build.0 = Release|Any CPU
		{396E99F5-D9E5-4F5F-A6D9-D2AEF3F3630D}.Debug|Any CPU.ActiveCfg = Debug|Any CPU
		{396E99F5-D9E5-4F5F-A6D9-D2AEF3F3630D}.Debug|Any CPU.Build.0 = Debug|Any CPU
		{396E99F5-D9E5-4F5F-A6D9-D2AEF3F3630D}.Release|Any CPU.ActiveCfg = Release|Any CPU
		{396E99F5-D9E5-4F5F-A6D9-D2AEF3F3630D}.Release|Any CPU.Build.0 = Release|Any CPU
	EndGlobalSection
	GlobalSection(SolutionProperties) = preSolution
		HideSolutionNode = FALSE
	EndGlobalSection
	GlobalSection(NestedProjects) = preSolution
		{76F356D8-42D3-437E-954D-7821C1E3DD59} = {2B1E913E-11BF-435A-BA5F-A94F0DFD6427}
		{396E99F5-D9E5-4F5F-A6D9-D2AEF3F3630D} = {2B1E913E-11BF-435A-BA5F-A94F0DFD6427}
	EndGlobalSection
EndGlobal
